// !$*UTF8*$!
{
	archiveVersion = 1;
	classes = {
	};
	objectVersion = 50;
	objects = {

/* Begin PBXBuildFile section */
		03D1968B20C8F2000000DD1D /* AppDelegate.swift in Sources */ = {isa = PBXBuildFile; fileRef = 03D1968A20C8F2000000DD1D /* AppDelegate.swift */; };
		03D1968D20C8F2000000DD1D /* ViewController.swift in Sources */ = {isa = PBXBuildFile; fileRef = 03D1968C20C8F2000000DD1D /* ViewController.swift */; };
		03D1969020C8F2000000DD1D /* Main.storyboard in Resources */ = {isa = PBXBuildFile; fileRef = 03D1968E20C8F2000000DD1D /* Main.storyboard */; };
		03D1969220C8F2060000DD1D /* Assets.xcassets in Resources */ = {isa = PBXBuildFile; fileRef = 03D1969120C8F2060000DD1D /* Assets.xcassets */; };
		03D1969520C8F2060000DD1D /* LaunchScreen.storyboard in Resources */ = {isa = PBXBuildFile; fileRef = 03D1969320C8F2060000DD1D /* LaunchScreen.storyboard */; };
		03D196A020C8F2060000DD1D /* DiaryAppTests.swift in Sources */ = {isa = PBXBuildFile; fileRef = 03D1969F20C8F2060000DD1D /* DiaryAppTests.swift */; };
		03D196AB20C8F2060000DD1D /* DiaryAppUITests.swift in Sources */ = {isa = PBXBuildFile; fileRef = 03D196AA20C8F2060000DD1D /* DiaryAppUITests.swift */; };
		03D196B920C8F2EC0000DD1D /* DiaryTableViewController.swift in Sources */ = {isa = PBXBuildFile; fileRef = 03D196B820C8F2EC0000DD1D /* DiaryTableViewController.swift */; };
/* End PBXBuildFile section */

/* Begin PBXContainerItemProxy section */
		03D1969C20C8F2060000DD1D /* PBXContainerItemProxy */ = {
			isa = PBXContainerItemProxy;
			containerPortal = 03D1967F20C8F2000000DD1D /* Project object */;
			proxyType = 1;
			remoteGlobalIDString = 03D1968620C8F2000000DD1D;
			remoteInfo = DiaryApp;
		};
		03D196A720C8F2060000DD1D /* PBXContainerItemProxy */ = {
			isa = PBXContainerItemProxy;
			containerPortal = 03D1967F20C8F2000000DD1D /* Project object */;
			proxyType = 1;
			remoteGlobalIDString = 03D1968620C8F2000000DD1D;
			remoteInfo = DiaryApp;
		};
/* End PBXContainerItemProxy section */

/* Begin PBXFileReference section */
		03D1968720C8F2000000DD1D /* DiaryApp.app */ = {isa = PBXFileReference; explicitFileType = wrapper.application; includeInIndex = 0; path = DiaryApp.app; sourceTree = BUILT_PRODUCTS_DIR; };
		03D1968A20C8F2000000DD1D /* AppDelegate.swift */ = {isa = PBXFileReference; lastKnownFileType = sourcecode.swift; path = AppDelegate.swift; sourceTree = "<group>"; };
		03D1968C20C8F2000000DD1D /* ViewController.swift */ = {isa = PBXFileReference; lastKnownFileType = sourcecode.swift; path = ViewController.swift; sourceTree = "<group>"; };
		03D1968F20C8F2000000DD1D /* Base */ = {isa = PBXFileReference; lastKnownFileType = file.storyboard; name = Base; path = Base.lproj/Main.storyboard; sourceTree = "<group>"; };
		03D1969120C8F2060000DD1D /* Assets.xcassets */ = {isa = PBXFileReference; lastKnownFileType = folder.assetcatalog; path = Assets.xcassets; sourceTree = "<group>"; };
		03D1969420C8F2060000DD1D /* Base */ = {isa = PBXFileReference; lastKnownFileType = file.storyboard; name = Base; path = Base.lproj/LaunchScreen.storyboard; sourceTree = "<group>"; };
		03D1969620C8F2060000DD1D /* Info.plist */ = {isa = PBXFileReference; lastKnownFileType = text.plist.xml; path = Info.plist; sourceTree = "<group>"; };
		03D1969B20C8F2060000DD1D /* DiaryAppTests.xctest */ = {isa = PBXFileReference; explicitFileType = wrapper.cfbundle; includeInIndex = 0; path = DiaryAppTests.xctest; sourceTree = BUILT_PRODUCTS_DIR; };
		03D1969F20C8F2060000DD1D /* DiaryAppTests.swift */ = {isa = PBXFileReference; lastKnownFileType = sourcecode.swift; path = DiaryAppTests.swift; sourceTree = "<group>"; };
		03D196A120C8F2060000DD1D /* Info.plist */ = {isa = PBXFileReference; lastKnownFileType = text.plist.xml; path = Info.plist; sourceTree = "<group>"; };
		03D196A620C8F2060000DD1D /* DiaryAppUITests.xctest */ = {isa = PBXFileReference; explicitFileType = wrapper.cfbundle; includeInIndex = 0; path = DiaryAppUITests.xctest; sourceTree = BUILT_PRODUCTS_DIR; };
		03D196AA20C8F2060000DD1D /* DiaryAppUITests.swift */ = {isa = PBXFileReference; lastKnownFileType = sourcecode.swift; path = DiaryAppUITests.swift; sourceTree = "<group>"; };
		03D196AC20C8F2060000DD1D /* Info.plist */ = {isa = PBXFileReference; lastKnownFileType = text.plist.xml; path = Info.plist; sourceTree = "<group>"; };
		03D196B820C8F2EC0000DD1D /* DiaryTableViewController.swift */ = {isa = PBXFileReference; lastKnownFileType = sourcecode.swift; path = DiaryTableViewController.swift; sourceTree = "<group>"; };
/* End PBXFileReference section */

/* Begin PBXFrameworksBuildPhase section */
		03D1968420C8F2000000DD1D /* Frameworks */ = {
			isa = PBXFrameworksBuildPhase;
			buildActionMask = 2147483647;
			files = (
			);
			runOnlyForDeploymentPostprocessing = 0;
		};
		03D1969820C8F2060000DD1D /* Frameworks */ = {
			isa = PBXFrameworksBuildPhase;
			buildActionMask = 2147483647;
			files = (
			);
			runOnlyForDeploymentPostprocessing = 0;
		};
		03D196A320C8F2060000DD1D /* Frameworks */ = {
			isa = PBXFrameworksBuildPhase;
			buildActionMask = 2147483647;
			files = (
			);
			runOnlyForDeploymentPostprocessing = 0;
		};
/* End PBXFrameworksBuildPhase section */

/* Begin PBXGroup section */
		03D1967E20C8F2000000DD1D = {
			isa = PBXGroup;
			children = (
				03D1968920C8F2000000DD1D /* DiaryApp */,
				03D1969E20C8F2060000DD1D /* DiaryAppTests */,
				03D196A920C8F2060000DD1D /* DiaryAppUITests */,
				03D1968820C8F2000000DD1D /* Products */,
			);
			sourceTree = "<group>";
		};
		03D1968820C8F2000000DD1D /* Products */ = {
			isa = PBXGroup;
			children = (
				03D1968720C8F2000000DD1D /* DiaryApp.app */,
				03D1969B20C8F2060000DD1D /* DiaryAppTests.xctest */,
				03D196A620C8F2060000DD1D /* DiaryAppUITests.xctest */,
			);
			name = Products;
			sourceTree = "<group>";
		};
		03D1968920C8F2000000DD1D /* DiaryApp */ = {
			isa = PBXGroup;
			children = (
				03D1968A20C8F2000000DD1D /* AppDelegate.swift */,
				03D1968C20C8F2000000DD1D /* ViewController.swift */,
				03D196B820C8F2EC0000DD1D /* DiaryTableViewController.swift */,
				03D1968E20C8F2000000DD1D /* Main.storyboard */,
				03D1969120C8F2060000DD1D /* Assets.xcassets */,
				03D1969320C8F2060000DD1D /* LaunchScreen.storyboard */,
				03D1969620C8F2060000DD1D /* Info.plist */,
			);
			path = DiaryApp;
			sourceTree = "<group>";
		};
		03D1969E20C8F2060000DD1D /* DiaryAppTests */ = {
			isa = PBXGroup;
			children = (
				03D1969F20C8F2060000DD1D /* DiaryAppTests.swift */,
				03D196A120C8F2060000DD1D /* Info.plist */,
			);
			path = DiaryAppTests;
			sourceTree = "<group>";
		};
		03D196A920C8F2060000DD1D /* DiaryAppUITests */ = {
			isa = PBXGroup;
			children = (
				03D196AA20C8F2060000DD1D /* DiaryAppUITests.swift */,
				03D196AC20C8F2060000DD1D /* Info.plist */,
			);
			path = DiaryAppUITests;
			sourceTree = "<group>";
		};
/* End PBXGroup section */

/* Begin PBXNativeTarget section */
		03D1968620C8F2000000DD1D /* DiaryApp */ = {
			isa = PBXNativeTarget;
			buildConfigurationList = 03D196AF20C8F2060000DD1D /* Build configuration list for PBXNativeTarget "DiaryApp" */;
			buildPhases = (
				03D1968320C8F2000000DD1D /* Sources */,
				03D1968420C8F2000000DD1D /* Frameworks */,
				03D1968520C8F2000000DD1D /* Resources */,
			);
			buildRules = (
			);
			dependencies = (
			);
			name = DiaryApp;
			productName = DiaryApp;
			productReference = 03D1968720C8F2000000DD1D /* DiaryApp.app */;
			productType = "com.apple.product-type.application";
		};
		03D1969A20C8F2060000DD1D /* DiaryAppTests */ = {
			isa = PBXNativeTarget;
			buildConfigurationList = 03D196B220C8F2060000DD1D /* Build configuration list for PBXNativeTarget "DiaryAppTests" */;
			buildPhases = (
				03D1969720C8F2060000DD1D /* Sources */,
				03D1969820C8F2060000DD1D /* Frameworks */,
				03D1969920C8F2060000DD1D /* Resources */,
			);
			buildRules = (
			);
			dependencies = (
				03D1969D20C8F2060000DD1D /* PBXTargetDependency */,
			);
			name = DiaryAppTests;
			productName = DiaryAppTests;
			productReference = 03D1969B20C8F2060000DD1D /* DiaryAppTests.xctest */;
			productType = "com.apple.product-type.bundle.unit-test";
		};
		03D196A520C8F2060000DD1D /* DiaryAppUITests */ = {
			isa = PBXNativeTarget;
			buildConfigurationList = 03D196B520C8F2060000DD1D /* Build configuration list for PBXNativeTarget "DiaryAppUITests" */;
			buildPhases = (
				03D196A220C8F2060000DD1D /* Sources */,
				03D196A320C8F2060000DD1D /* Frameworks */,
				03D196A420C8F2060000DD1D /* Resources */,
			);
			buildRules = (
			);
			dependencies = (
				03D196A820C8F2060000DD1D /* PBXTargetDependency */,
			);
			name = DiaryAppUITests;
			productName = DiaryAppUITests;
			productReference = 03D196A620C8F2060000DD1D /* DiaryAppUITests.xctest */;
			productType = "com.apple.product-type.bundle.ui-testing";
		};
/* End PBXNativeTarget section */

/* Begin PBXProject section */
		03D1967F20C8F2000000DD1D /* Project object */ = {
			isa = PBXProject;
			attributes = {
				LastSwiftUpdateCheck = 0940;
				LastUpgradeCheck = 0940;
				ORGANIZATIONNAME = ailesdor;
				TargetAttributes = {
					03D1968620C8F2000000DD1D = {
						CreatedOnToolsVersion = 9.4;
					};
					03D1969A20C8F2060000DD1D = {
						CreatedOnToolsVersion = 9.4;
						TestTargetID = 03D1968620C8F2000000DD1D;
					};
					03D196A520C8F2060000DD1D = {
						CreatedOnToolsVersion = 9.4;
						TestTargetID = 03D1968620C8F2000000DD1D;
					};
				};
			};
			buildConfigurationList = 03D1968220C8F2000000DD1D /* Build configuration list for PBXProject "DiaryApp" */;
			compatibilityVersion = "Xcode 9.3";
			developmentRegion = en;
			hasScannedForEncodings = 0;
			knownRegions = (
				en,
				Base,
			);
			mainGroup = 03D1967E20C8F2000000DD1D;
			productRefGroup = 03D1968820C8F2000000DD1D /* Products */;
			projectDirPath = "";
			projectRoot = "";
			targets = (
				03D1968620C8F2000000DD1D /* DiaryApp */,
				03D1969A20C8F2060000DD1D /* DiaryAppTests */,
				03D196A520C8F2060000DD1D /* DiaryAppUITests */,
			);
		};
/* End PBXProject section */

/* Begin PBXResourcesBuildPhase section */
		03D1968520C8F2000000DD1D /* Resources */ = {
			isa = PBXResourcesBuildPhase;
			buildActionMask = 2147483647;
			files = (
				03D1969520C8F2060000DD1D /* LaunchScreen.storyboard in Resources */,
				03D1969220C8F2060000DD1D /* Assets.xcassets in Resources */,
				03D1969020C8F2000000DD1D /* Main.storyboard in Resources */,
			);
			runOnlyForDeploymentPostprocessing = 0;
		};
		03D1969920C8F2060000DD1D /* Resources */ = {
			isa = PBXResourcesBuildPhase;
			buildActionMask = 2147483647;
			files = (
			);
			runOnlyForDeploymentPostprocessing = 0;
		};
		03D196A420C8F2060000DD1D /* Resources */ = {
			isa = PBXResourcesBuildPhase;
			buildActionMask = 2147483647;
			files = (
			);
			runOnlyForDeploymentPostprocessing = 0;
		};
/* End PBXResourcesBuildPhase section */

/* Begin PBXSourcesBuildPhase section */
		03D1968320C8F2000000DD1D /* Sources */ = {
			isa = PBXSourcesBuildPhase;
			buildActionMask = 2147483647;
			files = (
				03D1968D20C8F2000000DD1D /* ViewController.swift in Sources */,
				03D196B920C8F2EC0000DD1D /* DiaryTableViewController.swift in Sources */,
				03D1968B20C8F2000000DD1D /* AppDelegate.swift in Sources */,
			);
			runOnlyForDeploymentPostprocessing = 0;
		};
		03D1969720C8F2060000DD1D /* Sources */ = {
			isa = PBXSourcesBuildPhase;
			buildActionMask = 2147483647;
			files = (
				03D196A020C8F2060000DD1D /* DiaryAppTests.swift in Sources */,
			);
			runOnlyForDeploymentPostprocessing = 0;
		};
		03D196A220C8F2060000DD1D /* Sources */ = {
			isa = PBXSourcesBuildPhase;
			buildActionMask = 2147483647;
			files = (
				03D196AB20C8F2060000DD1D /* DiaryAppUITests.swift in Sources */,
			);
			runOnlyForDeploymentPostprocessing = 0;
		};
/* End PBXSourcesBuildPhase section */

/* Begin PBXTargetDependency section */
		03D1969D20C8F2060000DD1D /* PBXTargetDependency */ = {
			isa = PBXTargetDependency;
			target = 03D1968620C8F2000000DD1D /* DiaryApp */;
			targetProxy = 03D1969C20C8F2060000DD1D /* PBXContainerItemProxy */;
		};
		03D196A820C8F2060000DD1D /* PBXTargetDependency */ = {
			isa = PBXTargetDependency;
			target = 03D1968620C8F2000000DD1D /* DiaryApp */;
			targetProxy = 03D196A720C8F2060000DD1D /* PBXContainerItemProxy */;
		};
/* End PBXTargetDependency section */

/* Begin PBXVariantGroup section */
		03D1968E20C8F2000000DD1D /* Main.storyboard */ = {
			isa = PBXVariantGroup;
			children = (
				03D1968F20C8F2000000DD1D /* Base */,
			);
			name = Main.storyboard;
			sourceTree = "<group>";
		};
		03D1969320C8F2060000DD1D /* LaunchScreen.storyboard */ = {
			isa = PBXVariantGroup;
			children = (
				03D1969420C8F2060000DD1D /* Base */,
			);
			name = LaunchScreen.storyboard;
			sourceTree = "<group>";
		};
/* End PBXVariantGroup section */

/* Begin XCBuildConfiguration section */
		03D196AD20C8F2060000DD1D /* Debug */ = {
			isa = XCBuildConfiguration;
			buildSettings = {
				ALWAYS_SEARCH_USER_PATHS = NO;
				CLANG_ANALYZER_NONNULL = YES;
				CLANG_ANALYZER_NUMBER_OBJECT_CONVERSION = YES_AGGRESSIVE;
				CLANG_CXX_LANGUAGE_STANDARD = "gnu++14";
				CLANG_CXX_LIBRARY = "libc++";
				CLANG_ENABLE_MODULES = YES;
				CLANG_ENABLE_OBJC_ARC = YES;
				CLANG_ENABLE_OBJC_WEAK = YES;
				CLANG_WARN_BLOCK_CAPTURE_AUTORELEASING = YES;
				CLANG_WARN_BOOL_CONVERSION = YES;
				CLANG_WARN_COMMA = YES;
				CLANG_WARN_CONSTANT_CONVERSION = YES;
				CLANG_WARN_DEPRECATED_OBJC_IMPLEMENTATIONS = YES;
				CLANG_WARN_DIRECT_OBJC_ISA_USAGE = YES_ERROR;
				CLANG_WARN_DOCUMENTATION_COMMENTS = YES;
				CLANG_WARN_EMPTY_BODY = YES;
				CLANG_WARN_ENUM_CONVERSION = YES;
				CLANG_WARN_INFINITE_RECURSION = YES;
				CLANG_WARN_INT_CONVERSION = YES;
				CLANG_WARN_NON_LITERAL_NULL_CONVERSION = YES;
				CLANG_WARN_OBJC_IMPLICIT_RETAIN_SELF = YES;
				CLANG_WARN_OBJC_LITERAL_CONVERSION = YES;
				CLANG_WARN_OBJC_ROOT_CLASS = YES_ERROR;
				CLANG_WARN_RANGE_LOOP_ANALYSIS = YES;
				CLANG_WARN_STRICT_PROTOTYPES = YES;
				CLANG_WARN_SUSPICIOUS_MOVE = YES;
				CLANG_WARN_UNGUARDED_AVAILABILITY = YES_AGGRESSIVE;
				CLANG_WARN_UNREACHABLE_CODE = YES;
				CLANG_WARN__DUPLICATE_METHOD_MATCH = YES;
				CODE_SIGN_IDENTITY = "iPhone Developer";
				COPY_PHASE_STRIP = NO;
				DEBUG_INFORMATION_FORMAT = dwarf;
				ENABLE_STRICT_OBJC_MSGSEND = YES;
				ENABLE_TESTABILITY = YES;
				GCC_C_LANGUAGE_STANDARD = gnu11;
				GCC_DYNAMIC_NO_PIC = NO;
				GCC_NO_COMMON_BLOCKS = YES;
				GCC_OPTIMIZATION_LEVEL = 0;
				GCC_PREPROCESSOR_DEFINITIONS = (
					"DEBUG=1",
					"$(inherited)",
				);
				GCC_WARN_64_TO_32_BIT_CONVERSION = YES;
				GCC_WARN_ABOUT_RETURN_TYPE = YES_ERROR;
				GCC_WARN_UNDECLARED_SELECTOR = YES;
				GCC_WARN_UNINITIALIZED_AUTOS = YES_AGGRESSIVE;
				GCC_WARN_UNUSED_FUNCTION = YES;
				GCC_WARN_UNUSED_VARIABLE = YES;
				IPHONEOS_DEPLOYMENT_TARGET = 11.4;
				MTL_ENABLE_DEBUG_INFO = YES;
				ONLY_ACTIVE_ARCH = YES;
				SDKROOT = iphoneos;
				SWIFT_ACTIVE_COMPILATION_CONDITIONS = DEBUG;
				SWIFT_OPTIMIZATION_LEVEL = "-Onone";
			};
			name = Debug;
		};
		03D196AE20C8F2060000DD1D /* Release */ = {
			isa = XCBuildConfiguration;
			buildSettings = {
				ALWAYS_SEARCH_USER_PATHS = NO;
				CLANG_ANALYZER_NONNULL = YES;
				CLANG_ANALYZER_NUMBER_OBJECT_CONVERSION = YES_AGGRESSIVE;
				CLANG_CXX_LANGUAGE_STANDARD = "gnu++14";
				CLANG_CXX_LIBRARY = "libc++";
				CLANG_ENABLE_MODULES = YES;
				CLANG_ENABLE_OBJC_ARC = YES;
				CLANG_ENABLE_OBJC_WEAK = YES;
				CLANG_WARN_BLOCK_CAPTURE_AUTORELEASING = YES;
				CLANG_WARN_BOOL_CONVERSION = YES;
				CLANG_WARN_COMMA = YES;
				CLANG_WARN_CONSTANT_CONVERSION = YES;
				CLANG_WARN_DEPRECATED_OBJC_IMPLEMENTATIONS = YES;
				CLANG_WARN_DIRECT_OBJC_ISA_USAGE = YES_ERROR;
				CLANG_WARN_DOCUMENTATION_COMMENTS = YES;
				CLANG_WARN_EMPTY_BODY = YES;
				CLANG_WARN_ENUM_CONVERSION = YES;
				CLANG_WARN_INFINITE_RECURSION = YES;
				CLANG_WARN_INT_CONVERSION = YES;
				CLANG_WARN_NON_LITERAL_NULL_CONVERSION = YES;
				CLANG_WARN_OBJC_IMPLICIT_RETAIN_SELF = YES;
				CLANG_WARN_OBJC_LITERAL_CONVERSION = YES;
				CLANG_WARN_OBJC_ROOT_CLASS = YES_ERROR;
				CLANG_WARN_RANGE_LOOP_ANALYSIS = YES;
				CLANG_WARN_STRICT_PROTOTYPES = YES;
				CLANG_WARN_SUSPICIOUS_MOVE = YES;
				CLANG_WARN_UNGUARDED_AVAILABILITY = YES_AGGRESSIVE;
				CLANG_WARN_UNREACHABLE_CODE = YES;
				CLANG_WARN__DUPLICATE_METHOD_MATCH = YES;
				CODE_SIGN_IDENTITY = "iPhone Developer";
				COPY_PHASE_STRIP = NO;
				DEBUG_INFORMATION_FORMAT = "dwarf-with-dsym";
				ENABLE_NS_ASSERTIONS = NO;
				ENABLE_STRICT_OBJC_MSGSEND = YES;
				GCC_C_LANGUAGE_STANDARD = gnu11;
				GCC_NO_COMMON_BLOCKS = YES;
				GCC_WARN_64_TO_32_BIT_CONVERSION = YES;
				GCC_WARN_ABOUT_RETURN_TYPE = YES_ERROR;
				GCC_WARN_UNDECLARED_SELECTOR = YES;
				GCC_WARN_UNINITIALIZED_AUTOS = YES_AGGRESSIVE;
				GCC_WARN_UNUSED_FUNCTION = YES;
				GCC_WARN_UNUSED_VARIABLE = YES;
				IPHONEOS_DEPLOYMENT_TARGET = 11.4;
				MTL_ENABLE_DEBUG_INFO = NO;
				SDKROOT = iphoneos;
				SWIFT_COMPILATION_MODE = wholemodule;
				SWIFT_OPTIMIZATION_LEVEL = "-O";
				VALIDATE_PRODUCT = YES;
			};
			name = Release;
		};
		03D196B020C8F2060000DD1D /* Debug */ = {
			isa = XCBuildConfiguration;
			buildSettings = {
				ASSETCATALOG_COMPILER_APPICON_NAME = AppIcon;
				CODE_SIGN_STYLE = Automatic;
				INFOPLIST_FILE = DiaryApp/Info.plist;
				LD_RUNPATH_SEARCH_PATHS = (
					"$(inherited)",
					"@executable_path/Frameworks",
				);
				PRODUCT_BUNDLE_IDENTIFIER = testApp.DiaryApp;
				PRODUCT_NAME = "$(TARGET_NAME)";
				SWIFT_VERSION = 4.0;
				TARGETED_DEVICE_FAMILY = "1,2";
			};
			name = Debug;
		};
		03D196B120C8F2060000DD1D /* Release */ = {
			isa = XCBuildConfiguration;
			buildSettings = {
				ASSETCATALOG_COMPILER_APPICON_NAME = AppIcon;
				CODE_SIGN_STYLE = Automatic;
				INFOPLIST_FILE = DiaryApp/Info.plist;
				LD_RUNPATH_SEARCH_PATHS = (
					"$(inherited)",
					"@executable_path/Frameworks",
				);
				PRODUCT_BUNDLE_IDENTIFIER = testApp.DiaryApp;
				PRODUCT_NAME = "$(TARGET_NAME)";
				SWIFT_VERSION = 4.0;
				TARGETED_DEVICE_FAMILY = "1,2";
			};
			name = Release;
		};
		03D196B320C8F2060000DD1D /* Debug */ = {
			isa = XCBuildConfiguration;
			buildSettings = {
				ALWAYS_EMBED_SWIFT_STANDARD_LIBRARIES = YES;
				BUNDLE_LOADER = "$(TEST_HOST)";
				CODE_SIGN_STYLE = Automatic;
				INFOPLIST_FILE = DiaryAppTests/Info.plist;
				LD_RUNPATH_SEARCH_PATHS = (
					"$(inherited)",
					"@executable_path/Frameworks",
					"@loader_path/Frameworks",
				);
				PRODUCT_BUNDLE_IDENTIFIER = testApp.DiaryAppTests;
				PRODUCT_NAME = "$(TARGET_NAME)";
				SWIFT_VERSION = 4.0;
				TARGETED_DEVICE_FAMILY = "1,2";
				TEST_HOST = "$(BUILT_PRODUCTS_DIR)/DiaryApp.app/DiaryApp";
			};
			name = Debug;
		};
		03D196B420C8F2060000DD1D /* Release */ = {
			isa = XCBuildConfiguration;
			buildSettings = {
				ALWAYS_EMBED_SWIFT_STANDARD_LIBRARIES = YES;
				BUNDLE_LOADER = "$(TEST_HOST)";
				CODE_SIGN_STYLE = Automatic;
				INFOPLIST_FILE = DiaryAppTests/Info.plist;
				LD_RUNPATH_SEARCH_PATHS = (
					"$(inherited)",
					"@executable_path/Frameworks",
					"@loader_path/Frameworks",
				);
				PRODUCT_BUNDLE_IDENTIFIER = testApp.DiaryAppTests;
				PRODUCT_NAME = "$(TARGET_NAME)";
				SWIFT_VERSION = 4.0;
				TARGETED_DEVICE_FAMILY = "1,2";
				TEST_HOST = "$(BUILT_PRODUCTS_DIR)/DiaryApp.app/DiaryApp";
			};
			name = Release;
		};
		03D196B620C8F2060000DD1D /* Debug */ = {
			isa = XCBuildConfiguration;
			buildSettings = {
				ALWAYS_EMBED_SWIFT_STANDARD_LIBRARIES = YES;
				CODE_SIGN_STYLE = Automatic;
				INFOPLIST_FILE = DiaryAppUITests/Info.plist;
				LD_RUNPATH_SEARCH_PATHS = (
					"$(inherited)",
					"@executable_path/Frameworks",
					"@loader_path/Frameworks",
				);
				PRODUCT_BUNDLE_IDENTIFIER = testApp.DiaryAppUITests;
				PRODUCT_NAME = "$(TARGET_NAME)";
				SWIFT_VERSION = 4.0;
				TARGETED_DEVICE_FAMILY = "1,2";
				TEST_TARGET_NAME = DiaryApp;
			};
			name = Debug;
		};
		03D196B720C8F2060000DD1D /* Release */ = {
			isa = XCBuildConfiguration;
			buildSettings = {
				ALWAYS_EMBED_SWIFT_STANDARD_LIBRARIES = YES;
				CODE_SIGN_STYLE = Automatic;
				INFOPLIST_FILE = DiaryAppUITests/Info.plist;
				LD_RUNPATH_SEARCH_PATHS = (
					"$(inherited)",
					"@executable_path/Frameworks",
					"@loader_path/Frameworks",
				);
				PRODUCT_BUNDLE_IDENTIFIER = testApp.DiaryAppUITests;
				PRODUCT_NAME = "$(TARGET_NAME)";
				SWIFT_VERSION = 4.0;
				TARGETED_DEVICE_FAMILY = "1,2";
				TEST_TARGET_NAME = DiaryApp;
			};
			name = Release;
		};
/* End XCBuildConfiguration section */

/* Begin XCConfigurationList section */
		03D1968220C8F2000000DD1D /* Build configuration list for PBXProject "DiaryApp" */ = {
			isa = XCConfigurationList;
			buildConfigurations = (
				03D196AD20C8F2060000DD1D /* Debug */,
				03D196AE20C8F2060000DD1D /* Release */,
			);
			defaultConfigurationIsVisible = 0;
			defaultConfigurationName = Release;
		};
		03D196AF20C8F2060000DD1D /* Build configuration list for PBXNativeTarget "DiaryApp" */ = {
			isa = XCConfigurationList;
			buildConfigurations = (
				03D196B020C8F2060000DD1D /* Debug */,
				03D196B120C8F2060000DD1D /* Release */,
			);
			defaultConfigurationIsVisible = 0;
			defaultConfigurationName = Release;
		};
		03D196B220C8F2060000DD1D /* Build configuration list for PBXNativeTarget "DiaryAppTests" */ = {
			isa = XCConfigurationList;
			buildConfigurations = (
				03D196B320C8F2060000DD1D /* Debug */,
				03D196B420C8F2060000DD1D /* Release */,
			);
			defaultConfigurationIsVisible = 0;
			defaultConfigurationName = Release;
		};
		03D196B520C8F2060000DD1D /* Build configuration list for PBXNativeTarget "DiaryAppUITests" */ = {
			isa = XCConfigurationList;
			buildConfigurations = (
				03D196B620C8F2060000DD1D /* Debug */,
				03D196B720C8F2060000DD1D /* Release */,
			);
			defaultConfigurationIsVisible = 0;
			defaultConfigurationName = Release;
		};
/* End XCConfigurationList section */
	};
	rootObject = 03D1967F20C8F2000000DD1D /* Project object */;
}
